
Microsoft Visual Studio Solution File, Format Version 12.00
# Visual Studio Version 17
VisualStudioVersion = 17.3.32922.545
MinimumVisualStudioVersion = 10.0.40219.1
Project("{FAE04EC0-301F-11D3-BF4B-00C04F79EFBC}") = "OOD-Uppgift", "OOD-Uppgift.csproj", "{36AD2988-2F49-4092-888F-8B8CD3640F3B}"
EndProject
Global
	GlobalSection(SolutionConfigurationPlatforms) = preSolution
		Debug|Any CPU = Debug|Any CPU
		Release|Any CPU = Release|Any CPU
	EndGlobalSection
	GlobalSection(ProjectConfigurationPlatforms) = postSolution
		{36AD2988-2F49-4092-888F-8B8CD3640F3B}.Debug|Any CPU.ActiveCfg = Debug|Any CPU
		{36AD2988-2F49-4092-888F-8B8CD3640F3B}.Debug|Any CPU.Build.0 = Debug|Any CPU
		{36AD2988-2F49-4092-888F-8B8CD3640F3B}.Release|Any CPU.ActiveCfg = Release|Any CPU
		{36AD2988-2F49-4092-888F-8B8CD3640F3B}.Release|Any CPU.Build.0 = Release|Any CPU
	EndGlobalSection
	GlobalSection(SolutionProperties) = preSolution
		HideSolutionNode = FALSE
	EndGlobalSection
	GlobalSection(ExtensibilityGlobals) = postSolution
		SolutionGuid = {9EC6D5D4-6800-4972-87D6-6817D59D0D50}
	EndGlobalSection
EndGlobal
